
Microsoft Visual Studio Solution File, Format Version 12.00
# Visual Studio Version 16
VisualStudioVersion = 16.0.30621.155
MinimumVisualStudioVersion = 10.0.40219.1
Project("{9A19103F-16F7-4668-BE54-9A1E7A4F7556}") = "DAL", "DAL\DAL.csproj", "{62A9EA0D-816F-46D9-B908-5C9B245DD87B}"
EndProject
Project("{FAE04EC0-301F-11D3-BF4B-00C04F79EFBC}") = "BLL", "BLL\BLL.csproj", "{22967A28-360F-41EF-8369-B133FA82D53C}"
EndProject
Global
	GlobalSection(SolutionConfigurationPlatforms) = preSolution
		Debug|Any CPU = Debug|Any CPU
		Release|Any CPU = Release|Any CPU
	EndGlobalSection
	GlobalSection(ProjectConfigurationPlatforms) = postSolution
		{62A9EA0D-816F-46D9-B908-5C9B245DD87B}.Debug|Any CPU.ActiveCfg = Debug|Any CPU
		{62A9EA0D-816F-46D9-B908-5C9B245DD87B}.Debug|Any CPU.Build.0 = Debug|Any CPU
		{62A9EA0D-816F-46D9-B908-5C9B245DD87B}.Release|Any CPU.ActiveCfg = Release|Any CPU
		{62A9EA0D-816F-46D9-B908-5C9B245DD87B}.Release|Any CPU.Build.0 = Release|Any CPU
		{22967A28-360F-41EF-8369-B133FA82D53C}.Debug|Any CPU.ActiveCfg = Debug|Any CPU
		{22967A28-360F-41EF-8369-B133FA82D53C}.Debug|Any CPU.Build.0 = Debug|Any CPU
		{22967A28-360F-41EF-8369-B133FA82D53C}.Release|Any CPU.ActiveCfg = Release|Any CPU
		{22967A28-360F-41EF-8369-B133FA82D53C}.Release|Any CPU.Build.0 = Release|Any CPU
	EndGlobalSection
	GlobalSection(SolutionProperties) = preSolution
		HideSolutionNode = FALSE
	EndGlobalSection
	GlobalSection(ExtensibilityGlobals) = postSolution
		SolutionGuid = {C9712621-40BB-450D-BCC3-AE1E9360CE63}
	EndGlobalSection
EndGlobal
