
Microsoft Visual Studio Solution File, Format Version 12.00
# Visual Studio Version 16
VisualStudioVersion = 16.0.30717.126
MinimumVisualStudioVersion = 10.0.40219.1
Project("{FAE04EC0-301F-11D3-BF4B-00C04F79EFBC}") = "WebMVCApp", "WebMVCApp\WebMVCApp.csproj", "{5DAD2954-C79E-4949-928B-90B5AD61B768}"
EndProject
Global
	GlobalSection(SolutionConfigurationPlatforms) = preSolution
		Debug|Any CPU = Debug|Any CPU
		Release|Any CPU = Release|Any CPU
	EndGlobalSection
	GlobalSection(ProjectConfigurationPlatforms) = postSolution
		{5DAD2954-C79E-4949-928B-90B5AD61B768}.Debug|Any CPU.ActiveCfg = Debug|Any CPU
		{5DAD2954-C79E-4949-928B-90B5AD61B768}.Debug|Any CPU.Build.0 = Debug|Any CPU
		{5DAD2954-C79E-4949-928B-90B5AD61B768}.Release|Any CPU.ActiveCfg = Release|Any CPU
		{5DAD2954-C79E-4949-928B-90B5AD61B768}.Release|Any CPU.Build.0 = Release|Any CPU
	EndGlobalSection
	GlobalSection(SolutionProperties) = preSolution
		HideSolutionNode = FALSE
	EndGlobalSection
	GlobalSection(ExtensibilityGlobals) = postSolution
		SolutionGuid = {88EF31B0-398E-42E7-8EA9-20996D670983}
	EndGlobalSection
EndGlobal
